{
	"name": "echo360-downloader",
	"version": "2021.2.8",
	"lockfileVersion": 1,
	"requires": true,
	"dependencies": {
		"@babel/runtime": {
			"version": "7.12.13",
			"resolved": "https://registry.npmjs.org/@babel/runtime/-/runtime-7.12.13.tgz",
			"integrity": "sha512-8+3UMPBrjFa/6TtKi/7sehPKqfAm4g6K+YQjyyFOLUTxzOngcRZTlAVY8sc2CORJYqdHQY8gRPHmn+qo15rCBw==",
			"requires": {
				"regenerator-runtime": "^0.13.4"
			}
		},
		"@derhuerst/http-basic": {
			"version": "8.2.1",
			"resolved": "https://registry.npmjs.org/@derhuerst/http-basic/-/http-basic-8.2.1.tgz",
			"integrity": "sha512-Rmn7qQQulw2sxJ8qGfZ7OuqMWuhz8V+L5xnYKMF5cXVcYqmgWqlVEAme90pF7Ya8OVhxVxLmhh0rI2k6t7ITWw==",
			"requires": {
				"caseless": "^0.12.0",
				"concat-stream": "^1.6.2",
				"http-response-object": "^3.0.1",
				"parse-cache-control": "^1.0.1"
			}
		},
		"@sindresorhus/is": {
			"version": "4.0.0",
			"resolved": "https://registry.npmjs.org/@sindresorhus/is/-/is-4.0.0.tgz",
			"integrity": "sha512-FyD2meJpDPjyNQejSjvnhpgI/azsQkA4lGbuu5BQZfjvJ9cbRZXzeWL2HceCekW4lixO9JPesIIQkSoLjeJHNQ=="
		},
		"@szmarczak/http-timer": {
			"version": "4.0.5",
			"resolved": "https://registry.npmjs.org/@szmarczak/http-timer/-/http-timer-4.0.5.tgz",
			"integrity": "sha512-PyRA9sm1Yayuj5OIoJ1hGt2YISX45w9WcFbh6ddT0Z/0yaFxOtGLInr4jUfU1EAFVs0Yfyfev4RNwBlUaHdlDQ==",
			"requires": {
				"defer-to-connect": "^2.0.0"
			}
		},
		"@types/cacheable-request": {
			"version": "6.0.1",
			"resolved": "https://registry.npmjs.org/@types/cacheable-request/-/cacheable-request-6.0.1.tgz",
			"integrity": "sha512-ykFq2zmBGOCbpIXtoVbz4SKY5QriWPh3AjyU4G74RYbtt5yOc5OfaY75ftjg7mikMOla1CTGpX3lLbuJh8DTrQ==",
			"requires": {
				"@types/http-cache-semantics": "*",
				"@types/keyv": "*",
				"@types/node": "*",
				"@types/responselike": "*"
			}
		},
		"@types/http-cache-semantics": {
			"version": "4.0.0",
			"resolved": "https://registry.npmjs.org/@types/http-cache-semantics/-/http-cache-semantics-4.0.0.tgz",
			"integrity": "sha512-c3Xy026kOF7QOTn00hbIllV1dLR9hG9NkSrLQgCVs8NF6sBU+VGWjD3wLPhmh1TYAc7ugCFsvHYMN4VcBN1U1A=="
		},
		"@types/keyv": {
			"version": "3.1.1",
			"resolved": "https://registry.npmjs.org/@types/keyv/-/keyv-3.1.1.tgz",
			"integrity": "sha512-MPtoySlAZQ37VoLaPcTHCu1RWJ4llDkULYZIzOYxlhxBqYPB0RsRlmMU0R6tahtFe27mIdkHV+551ZWV4PLmVw==",
			"requires": {
				"@types/node": "*"
			}
		},
		"@types/node": {
			"version": "14.14.25",
			"resolved": "https://registry.npmjs.org/@types/node/-/node-14.14.25.tgz",
			"integrity": "sha512-EPpXLOVqDvisVxtlbvzfyqSsFeQxltFbluZNRndIb8tr9KiBnYNLzrc1N3pyKUCww2RNrfHDViqDWWE1LCJQtQ=="
		},
		"@types/responselike": {
			"version": "1.0.0",
			"resolved": "https://registry.npmjs.org/@types/responselike/-/responselike-1.0.0.tgz",
			"integrity": "sha512-85Y2BjiufFzaMIlvJDvTTB8Fxl2xfLo4HgmHzVBz08w4wDePCTjYw66PdrolO0kzli3yam/YCgRufyo1DdQVTA==",
			"requires": {
				"@types/node": "*"
			}
		},
		"@videojs/vhs-utils": {
			"version": "3.0.0",
			"resolved": "https://registry.npmjs.org/@videojs/vhs-utils/-/vhs-utils-3.0.0.tgz",
			"integrity": "sha512-HPgiaVB8/g7DooYFQ20uTinq4eNRHmIXGHHttK/Xwyvn19MfIpg9BfMNr9ywCvgHh0IUGrxt6P8AcmMO4xvxIA==",
			"requires": {
				"@babel/runtime": "^7.12.5",
				"global": "^4.4.0",
				"url-toolkit": "^2.2.1"
			}
		},
		"agent-base": {
			"version": "6.0.2",
			"resolved": "https://registry.npmjs.org/agent-base/-/agent-base-6.0.2.tgz",
			"integrity": "sha512-RZNwNclF7+MS/8bDg70amg32dyeZGZxiDuQmZxKLAlQjr3jGyLx+4Kkk58UO7D2QdgFIQCovuSuZESne6RG6XQ==",
			"requires": {
				"debug": "4"
			}
		},
		"async": {
			"version": "3.2.0",
			"resolved": "https://registry.npmjs.org/async/-/async-3.2.0.tgz",
			"integrity": "sha512-TR2mEZFVOj2pLStYxLht7TyfuRzaydfpxr3k9RpHIzMgw7A64dzsdqCxH1WJyQdoe8T10nDXd9wnEigmiuHIZw=="
		},
		"buffer-from": {
			"version": "1.1.1",
			"resolved": "https://registry.npmjs.org/buffer-from/-/buffer-from-1.1.1.tgz",
			"integrity": "sha512-MQcXEUbCKtEo7bhqEs6560Hyd4XaovZlO/k9V3hjVUF/zwW7KBVdSK4gIt/bzwS9MbR5qob+F5jusZsb0YQK2A=="
		},
		"cacheable-lookup": {
			"version": "5.0.4",
			"resolved": "https://registry.npmjs.org/cacheable-lookup/-/cacheable-lookup-5.0.4.tgz",
			"integrity": "sha512-2/kNscPhpcxrOigMZzbiWF7dz8ilhb/nIHU3EyZiXWXpeq/au8qJ8VhdftMkty3n7Gj6HIGalQG8oiBNB3AJgA=="
		},
		"cacheable-request": {
			"version": "7.0.1",
			"resolved": "https://registry.npmjs.org/cacheable-request/-/cacheable-request-7.0.1.tgz",
			"integrity": "sha512-lt0mJ6YAnsrBErpTMWeu5kl/tg9xMAWjavYTN6VQXM1A/teBITuNcccXsCxF0tDQQJf9DfAaX5O4e0zp0KlfZw==",
			"requires": {
				"clone-response": "^1.0.2",
				"get-stream": "^5.1.0",
				"http-cache-semantics": "^4.0.0",
				"keyv": "^4.0.0",
				"lowercase-keys": "^2.0.0",
				"normalize-url": "^4.1.0",
				"responselike": "^2.0.0"
			}
		},
		"caseless": {
			"version": "0.12.0",
			"resolved": "https://registry.npmjs.org/caseless/-/caseless-0.12.0.tgz",
			"integrity": "sha1-G2gcIf+EAzyCZUMJBolCDRhxUdw="
		},
		"clone-response": {
			"version": "1.0.2",
			"resolved": "https://registry.npmjs.org/clone-response/-/clone-response-1.0.2.tgz",
			"integrity": "sha1-0dyXOSAxTfZ/vrlCI7TuNQI56Ws=",
			"requires": {
				"mimic-response": "^1.0.0"
			}
		},
		"concat-stream": {
			"version": "1.6.2",
			"resolved": "https://registry.npmjs.org/concat-stream/-/concat-stream-1.6.2.tgz",
			"integrity": "sha512-27HBghJxjiZtIk3Ycvn/4kbJk/1uZuJFfuPEns6LaEvpvG1f0hTea8lilrouyo9mVc2GWdcEZ8OLoGmSADlrCw==",
			"requires": {
				"buffer-from": "^1.0.0",
				"inherits": "^2.0.3",
				"readable-stream": "^2.2.2",
				"typedarray": "^0.0.6"
			}
		},
		"core-util-is": {
			"version": "1.0.2",
			"resolved": "https://registry.npmjs.org/core-util-is/-/core-util-is-1.0.2.tgz",
			"integrity": "sha1-tf1UIgqivFq1eqtxQMlAdUUDwac="
		},
		"debug": {
			"version": "4.3.1",
			"resolved": "https://registry.npmjs.org/debug/-/debug-4.3.1.tgz",
			"integrity": "sha512-doEwdvm4PCeK4K3RQN2ZC2BYUBaxwLARCqZmMjtF8a51J2Rb0xpVloFRnCODwqjpwnAoao4pelN8l3RJdv3gRQ==",
			"requires": {
				"ms": "2.1.2"
			}
		},
		"decompress-response": {
			"version": "6.0.0",
			"resolved": "https://registry.npmjs.org/decompress-response/-/decompress-response-6.0.0.tgz",
			"integrity": "sha512-aW35yZM6Bb/4oJlZncMH2LCoZtJXTRxES17vE3hoRiowU2kWHaJKFkSBDnDR+cm9J+9QhXmREyIfv0pji9ejCQ==",
			"requires": {
				"mimic-response": "^3.1.0"
			},
			"dependencies": {
				"mimic-response": {
					"version": "3.1.0",
					"resolved": "https://registry.npmjs.org/mimic-response/-/mimic-response-3.1.0.tgz",
					"integrity": "sha512-z0yWI+4FDrrweS8Zmt4Ej5HdJmky15+L2e6Wgn3+iK5fWzb6T3fhNFq2+MeTRb064c6Wr4N/wv0DzQTjNzHNGQ=="
				}
			}
		},
		"defer-to-connect": {
			"version": "2.0.0",
			"resolved": "https://registry.npmjs.org/defer-to-connect/-/defer-to-connect-2.0.0.tgz",
			"integrity": "sha512-bYL2d05vOSf1JEZNx5vSAtPuBMkX8K9EUutg7zlKvTqKXHt7RhWJFbmd7qakVuf13i+IkGmp6FwSsONOf6VYIg=="
		},
		"dom-walk": {
			"version": "0.1.2",
			"resolved": "https://registry.npmjs.org/dom-walk/-/dom-walk-0.1.2.tgz",
			"integrity": "sha512-6QvTW9mrGeIegrFXdtQi9pk7O/nSK6lSdXW2eqUspN5LWD7UTji2Fqw5V2YLjBpHEoU9Xl/eUWNpDeZvoyOv2w=="
		},
		"end-of-stream": {
			"version": "1.4.4",
			"resolved": "https://registry.npmjs.org/end-of-stream/-/end-of-stream-1.4.4.tgz",
			"integrity": "sha512-+uw1inIHVPQoaVuHzRyXd21icM+cnt4CzD5rW+NC1wjOUSTOs+Te7FOv7AhN7vS9x/oIyhLP5PR1H+phQAHu5Q==",
			"requires": {
				"once": "^1.4.0"
			}
		},
		"env-paths": {
			"version": "2.2.0",
			"resolved": "https://registry.npmjs.org/env-paths/-/env-paths-2.2.0.tgz",
			"integrity": "sha512-6u0VYSCo/OW6IoD5WCLLy9JUGARbamfSavcNXry/eu8aHVFei6CD3Sw+VGX5alea1i9pgPHW0mbu6Xj0uBh7gA=="
		},
		"ffmpeg-static": {
			"version": "4.2.7",
			"resolved": "https://registry.npmjs.org/ffmpeg-static/-/ffmpeg-static-4.2.7.tgz",
			"integrity": "sha512-SGnOr2d+k0/9toRIv9t5/hN/DMYbm5XMtG0wVwGM1tEyXJAD6dbcWOEvfHq4LOySm9uykKL6LMC4eVPeteUnbQ==",
			"requires": {
				"@derhuerst/http-basic": "^8.2.0",
				"env-paths": "^2.2.0",
				"https-proxy-agent": "^5.0.0",
				"progress": "^2.0.3"
			}
		},
		"fluent-ffmpeg": {
			"version": "2.1.2",
			"resolved": "https://registry.npmjs.org/fluent-ffmpeg/-/fluent-ffmpeg-2.1.2.tgz",
			"integrity": "sha1-yVLeIkD4EuvaCqgAbXd27irPfXQ=",
			"requires": {
				"async": ">=0.2.9",
				"which": "^1.1.1"
			}
		},
		"get-stream": {
			"version": "5.2.0",
			"resolved": "https://registry.npmjs.org/get-stream/-/get-stream-5.2.0.tgz",
			"integrity": "sha512-nBF+F1rAZVCu/p7rjzgA+Yb4lfYXrpl7a6VmJrU8wF9I1CKvP/QwPNZHnOlwbTkY6dvtFIzFMSyQXbLoTQPRpA==",
			"requires": {
				"pump": "^3.0.0"
			}
		},
		"global": {
			"version": "4.4.0",
			"resolved": "https://registry.npmjs.org/global/-/global-4.4.0.tgz",
			"integrity": "sha512-wv/LAoHdRE3BeTGz53FAamhGlPLhlssK45usmGFThIi4XqnBmjKQ16u+RNbP7WvigRZDxUsM0J3gcQ5yicaL0w==",
			"requires": {
				"min-document": "^2.19.0",
				"process": "^0.11.10"
			}
		},
		"got": {
			"version": "11.8.1",
			"resolved": "https://registry.npmjs.org/got/-/got-11.8.1.tgz",
			"integrity": "sha512-9aYdZL+6nHmvJwHALLwKSUZ0hMwGaJGYv3hoPLPgnT8BoBXm1SjnZeky+91tfwJaDzun2s4RsBRy48IEYv2q2Q==",
			"requires": {
				"@sindresorhus/is": "^4.0.0",
				"@szmarczak/http-timer": "^4.0.5",
				"@types/cacheable-request": "^6.0.1",
				"@types/responselike": "^1.0.0",
				"cacheable-lookup": "^5.0.3",
				"cacheable-request": "^7.0.1",
				"decompress-response": "^6.0.0",
				"http2-wrapper": "^1.0.0-beta.5.2",
				"lowercase-keys": "^2.0.0",
				"p-cancelable": "^2.0.0",
				"responselike": "^2.0.0"
			}
		},
		"http-cache-semantics": {
			"version": "4.1.0",
			"resolved": "https://registry.npmjs.org/http-cache-semantics/-/http-cache-semantics-4.1.0.tgz",
			"integrity": "sha512-carPklcUh7ROWRK7Cv27RPtdhYhUsela/ue5/jKzjegVvXDqM2ILE9Q2BGn9JZJh1g87cp56su/FgQSzcWS8cQ=="
		},
		"http-response-object": {
			"version": "3.0.2",
			"resolved": "https://registry.npmjs.org/http-response-object/-/http-response-object-3.0.2.tgz",
			"integrity": "sha512-bqX0XTF6fnXSQcEJ2Iuyr75yVakyjIDCqroJQ/aHfSdlM743Cwqoi2nDYMzLGWUcuTWGWy8AAvOKXTfiv6q9RA==",
			"requires": {
				"@types/node": "^10.0.3"
			},
			"dependencies": {
				"@types/node": {
					"version": "10.17.51",
					"resolved": "https://registry.npmjs.org/@types/node/-/node-10.17.51.tgz",
					"integrity": "sha512-KANw+MkL626tq90l++hGelbl67irOJzGhUJk6a1Bt8QHOeh9tztJx+L0AqttraWKinmZn7Qi5lJZJzx45Gq0dg=="
				}
			}
		},
		"http2-wrapper": {
			"version": "1.0.0-beta.5.2",
			"resolved": "https://registry.npmjs.org/http2-wrapper/-/http2-wrapper-1.0.0-beta.5.2.tgz",
			"integrity": "sha512-xYz9goEyBnC8XwXDTuC/MZ6t+MrKVQZOk4s7+PaDkwIsQd8IwqvM+0M6bA/2lvG8GHXcPdf+MejTUeO2LCPCeQ==",
			"requires": {
				"quick-lru": "^5.1.1",
				"resolve-alpn": "^1.0.0"
			}
		},
		"https-proxy-agent": {
			"version": "5.0.0",
			"resolved": "https://registry.npmjs.org/https-proxy-agent/-/https-proxy-agent-5.0.0.tgz",
			"integrity": "sha512-EkYm5BcKUGiduxzSt3Eppko+PiNWNEpa4ySk9vTC6wDsQJW9rHSa+UhGNJoRYp7bz6Ht1eaRIa6QaJqO5rCFbA==",
			"requires": {
				"agent-base": "6",
				"debug": "4"
			}
		},
		"inherits": {
			"version": "2.0.4",
			"resolved": "https://registry.npmjs.org/inherits/-/inherits-2.0.4.tgz",
			"integrity": "sha512-k/vGaX4/Yla3WzyMCvTQOXYeIHvqOKtnqBduzTHpzpQZzAskKMhZ2K+EnBiSM9zGSoIFeMpXKxa4dYeZIQqewQ=="
		},
		"isarray": {
			"version": "1.0.0",
			"resolved": "https://registry.npmjs.org/isarray/-/isarray-1.0.0.tgz",
			"integrity": "sha1-u5NdSFgsuhaMBoNJV6VKPgcSTxE="
		},
		"isexe": {
			"version": "2.0.0",
			"resolved": "https://registry.npmjs.org/isexe/-/isexe-2.0.0.tgz",
			"integrity": "sha1-6PvzdNxVb/iUehDcsFctYz8s+hA="
		},
		"json-buffer": {
			"version": "3.0.1",
			"resolved": "https://registry.npmjs.org/json-buffer/-/json-buffer-3.0.1.tgz",
			"integrity": "sha512-4bV5BfR2mqfQTJm+V5tPPdf+ZpuhiIvTuAB5g8kcrXOZpTT/QwwVRWBywX1ozr6lEuPdbHxwaJlm9G6mI2sfSQ=="
		},
		"keyv": {
			"version": "4.0.3",
			"resolved": "https://registry.npmjs.org/keyv/-/keyv-4.0.3.tgz",
			"integrity": "sha512-zdGa2TOpSZPq5mU6iowDARnMBZgtCqJ11dJROFi6tg6kTn4nuUdU09lFyLFSaHrWqpIJ+EBq4E8/Dc0Vx5vLdA==",
			"requires": {
				"json-buffer": "3.0.1"
			}
		},
		"lodash": {
			"version": "4.17.20",
			"resolved": "https://registry.npmjs.org/lodash/-/lodash-4.17.20.tgz",
			"integrity": "sha512-PlhdFcillOINfeV7Ni6oF1TAEayyZBoZ8bcshTHqOYJYlrqzRK5hagpagky5o4HfCzzd1TRkXPMFq6cKk9rGmA=="
		},
		"lowercase-keys": {
			"version": "2.0.0",
			"resolved": "https://registry.npmjs.org/lowercase-keys/-/lowercase-keys-2.0.0.tgz",
			"integrity": "sha512-tqNXrS78oMOE73NMxK4EMLQsQowWf8jKooH9g7xPavRT706R6bkQJ6DY2Te7QukaZsulxa30wQ7bk0pm4XiHmA=="
		},
		"m3u8-parser": {
			"version": "4.5.2",
			"resolved": "https://registry.npmjs.org/m3u8-parser/-/m3u8-parser-4.5.2.tgz",
			"integrity": "sha512-sN/lu3TiRxmG2RFjZxo5c0/7Dr4RrEztl43jXrWwj5gFZ7vfa2iIxGfiPx485dm5QCazaIcKk+vNkUso8Aq0Ag==",
			"requires": {
				"@babel/runtime": "^7.12.5",
				"@videojs/vhs-utils": "^3.0.0",
				"global": "^4.4.0"
			}
		},
		"mimic-response": {
			"version": "1.0.1",
			"resolved": "https://registry.npmjs.org/mimic-response/-/mimic-response-1.0.1.tgz",
			"integrity": "sha512-j5EctnkH7amfV/q5Hgmoal1g2QHFJRraOtmx0JpIqkxhBhI/lJSl1nMpQ45hVarwNETOoWEimndZ4QK0RHxuxQ=="
		},
		"min-document": {
			"version": "2.19.0",
			"resolved": "https://registry.npmjs.org/min-document/-/min-document-2.19.0.tgz",
			"integrity": "sha1-e9KC4/WELtKVu3SM3Z8f+iyCRoU=",
			"requires": {
				"dom-walk": "^0.1.0"
			}
		},
		"ms": {
			"version": "2.1.2",
			"resolved": "https://registry.npmjs.org/ms/-/ms-2.1.2.tgz",
			"integrity": "sha512-sGkPx+VjMtmA6MX27oA4FBFELFCZZ4S4XqeGOXCv68tT+jb3vk/RyaKWP0PTKyWtmLSM0b+adUTEvbs1PEaH2w=="
		},
		"normalize-url": {
			"version": "4.5.0",
			"resolved": "https://registry.npmjs.org/normalize-url/-/normalize-url-4.5.0.tgz",
			"integrity": "sha512-2s47yzUxdexf1OhyRi4Em83iQk0aPvwTddtFz4hnSSw9dCEsLEGf6SwIO8ss/19S9iBb5sJaOuTvTGDeZI00BQ=="
		},
		"once": {
			"version": "1.4.0",
			"resolved": "https://registry.npmjs.org/once/-/once-1.4.0.tgz",
			"integrity": "sha1-WDsap3WWHUsROsF9nFC6753Xa9E=",
			"requires": {
				"wrappy": "1"
			}
		},
		"p-cancelable": {
			"version": "2.0.0",
			"resolved": "https://registry.npmjs.org/p-cancelable/-/p-cancelable-2.0.0.tgz",
			"integrity": "sha512-wvPXDmbMmu2ksjkB4Z3nZWTSkJEb9lqVdMaCKpZUGJG9TMiNp9XcbG3fn9fPKjem04fJMJnXoyFPk2FmgiaiNg=="
		},
		"parse-cache-control": {
			"version": "1.0.1",
			"resolved": "https://registry.npmjs.org/parse-cache-control/-/parse-cache-control-1.0.1.tgz",
			"integrity": "sha1-juqz5U+laSD+Fro493+iGqzC104="
		},
		"process": {
			"version": "0.11.10",
			"resolved": "https://registry.npmjs.org/process/-/process-0.11.10.tgz",
			"integrity": "sha1-czIwDoQBYb2j5podHZGn1LwW8YI="
		},
		"process-nextick-args": {
			"version": "2.0.1",
			"resolved": "https://registry.npmjs.org/process-nextick-args/-/process-nextick-args-2.0.1.tgz",
			"integrity": "sha512-3ouUOpQhtgrbOa17J7+uxOTpITYWaGP7/AhoR3+A+/1e9skrzelGi/dXzEYyvbxubEF6Wn2ypscTKiKJFFn1ag=="
		},
		"progress": {
			"version": "2.0.3",
			"resolved": "https://registry.npmjs.org/progress/-/progress-2.0.3.tgz",
			"integrity": "sha512-7PiHtLll5LdnKIMw100I+8xJXR5gW2QwWYkT6iJva0bXitZKa/XMrSbdmg3r2Xnaidz9Qumd0VPaMrZlF9V9sA=="
		},
		"psl": {
			"version": "1.8.0",
			"resolved": "https://registry.npmjs.org/psl/-/psl-1.8.0.tgz",
			"integrity": "sha512-RIdOzyoavK+hA18OGGWDqUTsCLhtA7IcZ/6NCs4fFJaHBDab+pDDmDIByWFRQJq2Cd7r1OoQxBGKOaztq+hjIQ=="
		},
		"pump": {
			"version": "3.0.0",
			"resolved": "https://registry.npmjs.org/pump/-/pump-3.0.0.tgz",
			"integrity": "sha512-LwZy+p3SFs1Pytd/jYct4wpv49HiYCqd9Rlc5ZVdk0V+8Yzv6jR5Blk3TRmPL1ft69TxP0IMZGJ+WPFU2BFhww==",
			"requires": {
				"end-of-stream": "^1.1.0",
				"once": "^1.3.1"
			}
		},
		"punycode": {
			"version": "2.1.1",
			"resolved": "https://registry.npmjs.org/punycode/-/punycode-2.1.1.tgz",
			"integrity": "sha512-XRsRjdf+j5ml+y/6GKHPZbrF/8p2Yga0JPtdqTIY2Xe5ohJPD9saDJJLPvp9+NSBprVvevdXZybnj2cv8OEd0A=="
		},
		"quick-lru": {
			"version": "5.1.1",
			"resolved": "https://registry.npmjs.org/quick-lru/-/quick-lru-5.1.1.tgz",
			"integrity": "sha512-WuyALRjWPDGtt/wzJiadO5AXY+8hZ80hVpe6MyivgraREW751X3SbhRvG3eLKOYN+8VEvqLcf3wdnt44Z4S4SA=="
		},
		"readable-stream": {
			"version": "2.3.7",
			"resolved": "https://registry.npmjs.org/readable-stream/-/readable-stream-2.3.7.tgz",
			"integrity": "sha512-Ebho8K4jIbHAxnuxi7o42OrZgF/ZTNcsZj6nRKyUmkhLFq8CHItp/fy6hQZuZmP/n3yZ9VBUbp4zz/mX8hmYPw==",
			"requires": {
				"core-util-is": "~1.0.0",
				"inherits": "~2.0.3",
				"isarray": "~1.0.0",
				"process-nextick-args": "~2.0.0",
				"safe-buffer": "~5.1.1",
				"string_decoder": "~1.1.1",
				"util-deprecate": "~1.0.1"
			}
		},
		"regenerator-runtime": {
			"version": "0.13.7",
			"resolved": "https://registry.npmjs.org/regenerator-runtime/-/regenerator-runtime-0.13.7.tgz",
			"integrity": "sha512-a54FxoJDIr27pgf7IgeQGxmqUNYrcV338lf/6gH456HZ/PhX+5BcwHXG9ajESmwe6WRO0tAzRUrRmNONWgkrew=="
		},
		"resolve-alpn": {
			"version": "1.0.0",
			"resolved": "https://registry.npmjs.org/resolve-alpn/-/resolve-alpn-1.0.0.tgz",
			"integrity": "sha512-rTuiIEqFmGxne4IovivKSDzld2lWW9QCjqv80SYjPgf+gS35eaCAjaP54CCwGAwBtnCsvNLYtqxe1Nw+i6JEmA=="
		},
		"responselike": {
			"version": "2.0.0",
			"resolved": "https://registry.npmjs.org/responselike/-/responselike-2.0.0.tgz",
			"integrity": "sha512-xH48u3FTB9VsZw7R+vvgaKeLKzT6jOogbQhEe/jewwnZgzPcnyWui2Av6JpoYZF/91uueC+lqhWqeURw5/qhCw==",
			"requires": {
				"lowercase-keys": "^2.0.0"
			}
		},
		"safe-buffer": {
			"version": "5.1.2",
			"resolved": "https://registry.npmjs.org/safe-buffer/-/safe-buffer-5.1.2.tgz",
			"integrity": "sha512-Gd2UZBJDkXlY7GbJxfsE8/nvKkUEU1G38c1siN6QP6a9PT9MmHB8GnpscSmMJSoF8LOIrt8ud/wPtojys4G6+g=="
		},
		"string_decoder": {
			"version": "1.1.1",
			"resolved": "https://registry.npmjs.org/string_decoder/-/string_decoder-1.1.1.tgz",
			"integrity": "sha512-n/ShnvDi6FHbbVfviro+WojiFzv+s8MPMHBczVePfUpDJLwoLT0ht1l4YwBCbi8pJAveEEdnkHyPyTP/mzRfwg==",
			"requires": {
				"safe-buffer": "~5.1.0"
			}
		},
		"tough-cookie": {
			"version": "4.0.0",
			"resolved": "https://registry.npmjs.org/tough-cookie/-/tough-cookie-4.0.0.tgz",
			"integrity": "sha512-tHdtEpQCMrc1YLrMaqXXcj6AxhYi/xgit6mZu1+EDWUn+qhUf8wMQoFIy9NXuq23zAwtcB0t/MjACGR18pcRbg==",
			"requires": {
				"psl": "^1.1.33",
				"punycode": "^2.1.1",
				"universalify": "^0.1.2"
			}
		},
		"typedarray": {
			"version": "0.0.6",
			"resolved": "https://registry.npmjs.org/typedarray/-/typedarray-0.0.6.tgz",
			"integrity": "sha1-hnrHTjhkGHsdPUfZlqeOxciDB3c="
		},
		"universalify": {
			"version": "0.1.2",
			"resolved": "https://registry.npmjs.org/universalify/-/universalify-0.1.2.tgz",
			"integrity": "sha512-rBJeI5CXAlmy1pV+617WB9J63U6XcazHHF2f2dbJix4XzpUF0RS3Zbj0FGIOCAva5P/d/GBOYaACQ1w+0azUkg=="
		},
		"url-toolkit": {
			"version": "2.2.1",
			"resolved": "https://registry.npmjs.org/url-toolkit/-/url-toolkit-2.2.1.tgz",
			"integrity": "sha512-8+DzgrtDZYZGhHaAop5WGVghMdCfOLGbhcArsJD0qDll71FXa7EeKxi2hilPIscn2nwMz4PRjML32Sz4JTN0Xw=="
		},
		"util-deprecate": {
			"version": "1.0.2",
			"resolved": "https://registry.npmjs.org/util-deprecate/-/util-deprecate-1.0.2.tgz",
			"integrity": "sha1-RQ1Nyfpw3nMnYvvS1KKJgUGaDM8="
		},
		"which": {
			"version": "1.3.1",
			"resolved": "https://registry.npmjs.org/which/-/which-1.3.1.tgz",
			"integrity": "sha512-HxJdYWq1MTIQbJ3nw0cqssHoTNU267KlrDuGZ1WYlxDStUtKUhOaJmh112/TZmHxxUfuJqPXSOm7tDyas0OSIQ==",
			"requires": {
				"isexe": "^2.0.0"
			}
		},
		"wrappy": {
			"version": "1.0.2",
			"resolved": "https://registry.npmjs.org/wrappy/-/wrappy-1.0.2.tgz",
			"integrity": "sha1-tSQ9jz7BqjXxNkYFvA0QNuMKtp8="
		}
	}
}
